
Microsoft Visual Studio Solution File, Format Version 12.00
# Visual Studio 15
VisualStudioVersion = 15.0.27428.2037
MinimumVisualStudioVersion = 10.0.40219.1
Project("{FAE04EC0-301F-11D3-BF4B-00C04F79EFBC}") = "BlueOsPreset1", "BlueOsPreset1\BlueOsPreset1.csproj", "{41B3DC75-E7A7-4E7B-BE8F-41B2362B3993}"
EndProject
Project("{FAE04EC0-301F-11D3-BF4B-00C04F79EFBC}") = "BlueOsPreset2", "BlueOsPreset2\BlueOsPreset2.csproj", "{C445B4F3-76DA-438B-9C86-38104501F6BB}"
EndProject
Project("{FAE04EC0-301F-11D3-BF4B-00C04F79EFBC}") = "PresetLibrary", "PresetLibrary\PresetLibrary.csproj", "{0B3FFA40-CCCD-4AE3-949E-C41AA82D9096}"
EndProject
Global
	GlobalSection(SolutionConfigurationPlatforms) = preSolution
		Ad-Hoc|Any CPU = Ad-Hoc|Any CPU
		Ad-Hoc|ARM = Ad-Hoc|ARM
		Ad-Hoc|iPhone = Ad-Hoc|iPhone
		Ad-Hoc|iPhoneSimulator = Ad-Hoc|iPhoneSimulator
		Ad-Hoc|x64 = Ad-Hoc|x64
		Ad-Hoc|x86 = Ad-Hoc|x86
		AppStore|Any CPU = AppStore|Any CPU
		AppStore|ARM = AppStore|ARM
		AppStore|iPhone = AppStore|iPhone
		AppStore|iPhoneSimulator = AppStore|iPhoneSimulator
		AppStore|x64 = AppStore|x64
		AppStore|x86 = AppStore|x86
		Debug|Any CPU = Debug|Any CPU
		Debug|ARM = Debug|ARM
		Debug|iPhone = Debug|iPhone
		Debug|iPhoneSimulator = Debug|iPhoneSimulator
		Debug|x64 = Debug|x64
		Debug|x86 = Debug|x86
		Release|Any CPU = Release|Any CPU
		Release|ARM = Release|ARM
		Release|iPhone = Release|iPhone
		Release|iPhoneSimulator = Release|iPhoneSimulator
		Release|x64 = Release|x64
		Release|x86 = Release|x86
	EndGlobalSection
	GlobalSection(ProjectConfigurationPlatforms) = postSolution
		{41B3DC75-E7A7-4E7B-BE8F-41B2362B3993}.Ad-Hoc|Any CPU.ActiveCfg = Release|Any CPU
		{41B3DC75-E7A7-4E7B-BE8F-41B2362B3993}.Ad-Hoc|Any CPU.Build.0 = Release|Any CPU
		{41B3DC75-E7A7-4E7B-BE8F-41B2362B3993}.Ad-Hoc|Any CPU.Deploy.0 = Release|Any CPU
		{41B3DC75-E7A7-4E7B-BE8F-41B2362B3993}.Ad-Hoc|ARM.ActiveCfg = Debug|Any CPU
		{41B3DC75-E7A7-4E7B-BE8F-41B2362B3993}.Ad-Hoc|ARM.Build.0 = Debug|Any CPU
		{41B3DC75-E7A7-4E7B-BE8F-41B2362B3993}.Ad-Hoc|ARM.Deploy.0 = Debug|Any CPU
		{41B3DC75-E7A7-4E7B-BE8F-41B2362B3993}.Ad-Hoc|iPhone.ActiveCfg = Release|Any CPU
		{41B3DC75-E7A7-4E7B-BE8F-41B2362B3993}.Ad-Hoc|iPhone.Build.0 = Release|Any CPU
		{41B3DC75-E7A7-4E7B-BE8F-41B2362B3993}.Ad-Hoc|iPhone.Deploy.0 = Release|Any CPU
		{41B3DC75-E7A7-4E7B-BE8F-41B2362B3993}.Ad-Hoc|iPhoneSimulator.ActiveCfg = Release|Any CPU
		{41B3DC75-E7A7-4E7B-BE8F-41B2362B3993}.Ad-Hoc|iPhoneSimulator.Build.0 = Release|Any CPU
		{41B3DC75-E7A7-4E7B-BE8F-41B2362B3993}.Ad-Hoc|iPhoneSimulator.Deploy.0 = Release|Any CPU
		{41B3DC75-E7A7-4E7B-BE8F-41B2362B3993}.Ad-Hoc|x64.ActiveCfg = Debug|Any CPU
		{41B3DC75-E7A7-4E7B-BE8F-41B2362B3993}.Ad-Hoc|x64.Build.0 = Debug|Any CPU
		{41B3DC75-E7A7-4E7B-BE8F-41B2362B3993}.Ad-Hoc|x64.Deploy.0 = Debug|Any CPU
		{41B3DC75-E7A7-4E7B-BE8F-41B2362B3993}.Ad-Hoc|x86.ActiveCfg = Debug|Any CPU
		{41B3DC75-E7A7-4E7B-BE8F-41B2362B3993}.Ad-Hoc|x86.Build.0 = Debug|Any CPU
		{41B3DC75-E7A7-4E7B-BE8F-41B2362B3993}.Ad-Hoc|x86.Deploy.0 = Debug|Any CPU
		{41B3DC75-E7A7-4E7B-BE8F-41B2362B3993}.AppStore|Any CPU.ActiveCfg = Release|Any CPU
		{41B3DC75-E7A7-4E7B-BE8F-41B2362B3993}.AppStore|Any CPU.Build.0 = Release|Any CPU
		{41B3DC75-E7A7-4E7B-BE8F-41B2362B3993}.AppStore|Any CPU.Deploy.0 = Release|Any CPU
		{41B3DC75-E7A7-4E7B-BE8F-41B2362B3993}.AppStore|ARM.ActiveCfg = Debug|Any CPU
		{41B3DC75-E7A7-4E7B-BE8F-41B2362B3993}.AppStore|ARM.Build.0 = Debug|Any CPU
		{41B3DC75-E7A7-4E7B-BE8F-41B2362B3993}.AppStore|ARM.Deploy.0 = Debug|Any CPU
		{41B3DC75-E7A7-4E7B-BE8F-41B2362B3993}.AppStore|iPhone.ActiveCfg = Release|Any CPU
		{41B3DC75-E7A7-4E7B-BE8F-41B2362B3993}.AppStore|iPhone.Build.0 = Release|Any CPU
		{41B3DC75-E7A7-4E7B-BE8F-41B2362B3993}.AppStore|iPhone.Deploy.0 = Release|Any CPU
		{41B3DC75-E7A7-4E7B-BE8F-41B2362B3993}.AppStore|iPhoneSimulator.ActiveCfg = Release|Any CPU
		{41B3DC75-E7A7-4E7B-BE8F-41B2362B3993}.AppStore|iPhoneSimulator.Build.0 = Release|Any CPU
		{41B3DC75-E7A7-4E7B-BE8F-41B2362B3993}.AppStore|iPhoneSimulator.Deploy.0 = Release|Any CPU
		{41B3DC75-E7A7-4E7B-BE8F-41B2362B3993}.AppStore|x64.ActiveCfg = Debug|Any CPU
		{41B3DC75-E7A7-4E7B-BE8F-41B2362B3993}.AppStore|x64.Build.0 = Debug|Any CPU
		{41B3DC75-E7A7-4E7B-BE8F-41B2362B3993}.AppStore|x64.Deploy.0 = Debug|Any CPU
		{41B3DC75-E7A7-4E7B-BE8F-41B2362B3993}.AppStore|x86.ActiveCfg = Debug|Any CPU
		{41B3DC75-E7A7-4E7B-BE8F-41B2362B3993}.AppStore|x86.Build.0 = Debug|Any CPU
		{41B3DC75-E7A7-4E7B-BE8F-41B2362B3993}.AppStore|x86.Deploy.0 = Debug|Any CPU
		{41B3DC75-E7A7-4E7B-BE8F-41B2362B3993}.Debug|Any CPU.ActiveCfg = Debug|Any CPU
		{41B3DC75-E7A7-4E7B-BE8F-41B2362B3993}.Debug|Any CPU.Build.0 = Debug|Any CPU
		{41B3DC75-E7A7-4E7B-BE8F-41B2362B3993}.Debug|Any CPU.Deploy.0 = Debug|Any CPU
		{41B3DC75-E7A7-4E7B-BE8F-41B2362B3993}.Debug|ARM.ActiveCfg = Debug|Any CPU
		{41B3DC75-E7A7-4E7B-BE8F-41B2362B3993}.Debug|ARM.Build.0 = Debug|Any CPU
		{41B3DC75-E7A7-4E7B-BE8F-41B2362B3993}.Debug|ARM.Deploy.0 = Debug|Any CPU
		{41B3DC75-E7A7-4E7B-BE8F-41B2362B3993}.Debug|iPhone.ActiveCfg = Debug|Any CPU
		{41B3DC75-E7A7-4E7B-BE8F-41B2362B3993}.Debug|iPhone.Build.0 = Debug|Any CPU
		{41B3DC75-E7A7-4E7B-BE8F-41B2362B3993}.Debug|iPhone.Deploy.0 = Debug|Any CPU
		{41B3DC75-E7A7-4E7B-BE8F-41B2362B3993}.Debug|iPhoneSimulator.ActiveCfg = Debug|Any CPU
		{41B3DC75-E7A7-4E7B-BE8F-41B2362B3993}.Debug|iPhoneSimulator.Build.0 = Debug|Any CPU
		{41B3DC75-E7A7-4E7B-BE8F-41B2362B3993}.Debug|iPhoneSimulator.Deploy.0 = Debug|Any CPU
		{41B3DC75-E7A7-4E7B-BE8F-41B2362B3993}.Debug|x64.ActiveCfg = Debug|Any CPU
		{41B3DC75-E7A7-4E7B-BE8F-41B2362B3993}.Debug|x64.Build.0 = Debug|Any CPU
		{41B3DC75-E7A7-4E7B-BE8F-41B2362B3993}.Debug|x64.Deploy.0 = Debug|Any CPU
		{41B3DC75-E7A7-4E7B-BE8F-41B2362B3993}.Debug|x86.ActiveCfg = Debug|Any CPU
		{41B3DC75-E7A7-4E7B-BE8F-41B2362B3993}.Debug|x86.Build.0 = Debug|Any CPU
		{41B3DC75-E7A7-4E7B-BE8F-41B2362B3993}.Debug|x86.Deploy.0 = Debug|Any CPU
		{41B3DC75-E7A7-4E7B-BE8F-41B2362B3993}.Release|Any CPU.ActiveCfg = Release|Any CPU
		{41B3DC75-E7A7-4E7B-BE8F-41B2362B3993}.Release|Any CPU.Build.0 = Release|Any CPU
		{41B3DC75-E7A7-4E7B-BE8F-41B2362B3993}.Release|Any CPU.Deploy.0 = Release|Any CPU
		{41B3DC75-E7A7-4E7B-BE8F-41B2362B3993}.Release|ARM.ActiveCfg = Release|Any CPU
		{41B3DC75-E7A7-4E7B-BE8F-41B2362B3993}.Release|ARM.Build.0 = Release|Any CPU
		{41B3DC75-E7A7-4E7B-BE8F-41B2362B3993}.Release|ARM.Deploy.0 = Release|Any CPU
		{41B3DC75-E7A7-4E7B-BE8F-41B2362B3993}.Release|iPhone.ActiveCfg = Release|Any CPU
		{41B3DC75-E7A7-4E7B-BE8F-41B2362B3993}.Release|iPhone.Build.0 = Release|Any CPU
		{41B3DC75-E7A7-4E7B-BE8F-41B2362B3993}.Release|iPhone.Deploy.0 = Release|Any CPU
		{41B3DC75-E7A7-4E7B-BE8F-41B2362B3993}.Release|iPhoneSimulator.ActiveCfg = Release|Any CPU
		{41B3DC75-E7A7-4E7B-BE8F-41B2362B3993}.Release|iPhoneSimulator.Build.0 = Release|Any CPU
		{41B3DC75-E7A7-4E7B-BE8F-41B2362B3993}.Release|iPhoneSimulator.Deploy.0 = Release|Any CPU
		{41B3DC75-E7A7-4E7B-BE8F-41B2362B3993}.Release|x64.ActiveCfg = Release|Any CPU
		{41B3DC75-E7A7-4E7B-BE8F-41B2362B3993}.Release|x64.Build.0 = Release|Any CPU
		{41B3DC75-E7A7-4E7B-BE8F-41B2362B3993}.Release|x64.Deploy.0 = Release|Any CPU
		{41B3DC75-E7A7-4E7B-BE8F-41B2362B3993}.Release|x86.ActiveCfg = Release|Any CPU
		{41B3DC75-E7A7-4E7B-BE8F-41B2362B3993}.Release|x86.Build.0 = Release|Any CPU
		{41B3DC75-E7A7-4E7B-BE8F-41B2362B3993}.Release|x86.Deploy.0 = Release|Any CPU
		{C445B4F3-76DA-438B-9C86-38104501F6BB}.Ad-Hoc|Any CPU.ActiveCfg = Release|Any CPU
		{C445B4F3-76DA-438B-9C86-38104501F6BB}.Ad-Hoc|Any CPU.Build.0 = Release|Any CPU
		{C445B4F3-76DA-438B-9C86-38104501F6BB}.Ad-Hoc|Any CPU.Deploy.0 = Release|Any CPU
		{C445B4F3-76DA-438B-9C86-38104501F6BB}.Ad-Hoc|ARM.ActiveCfg = Release|Any CPU
		{C445B4F3-76DA-438B-9C86-38104501F6BB}.Ad-Hoc|ARM.Build.0 = Release|Any CPU
		{C445B4F3-76DA-438B-9C86-38104501F6BB}.Ad-Hoc|ARM.Deploy.0 = Release|Any CPU
		{C445B4F3-76DA-438B-9C86-38104501F6BB}.Ad-Hoc|iPhone.ActiveCfg = Release|Any CPU
		{C445B4F3-76DA-438B-9C86-38104501F6BB}.Ad-Hoc|iPhone.Build.0 = Release|Any CPU
		{C445B4F3-76DA-438B-9C86-38104501F6BB}.Ad-Hoc|iPhone.Deploy.0 = Release|Any CPU
		{C445B4F3-76DA-438B-9C86-38104501F6BB}.Ad-Hoc|iPhoneSimulator.ActiveCfg = Release|Any CPU
		{C445B4F3-76DA-438B-9C86-38104501F6BB}.Ad-Hoc|iPhoneSimulator.Build.0 = Release|Any CPU
		{C445B4F3-76DA-438B-9C86-38104501F6BB}.Ad-Hoc|iPhoneSimulator.Deploy.0 = Release|Any CPU
		{C445B4F3-76DA-438B-9C86-38104501F6BB}.Ad-Hoc|x64.ActiveCfg = Release|Any CPU
		{C445B4F3-76DA-438B-9C86-38104501F6BB}.Ad-Hoc|x64.Build.0 = Release|Any CPU
		{C445B4F3-76DA-438B-9C86-38104501F6BB}.Ad-Hoc|x64.Deploy.0 = Release|Any CPU
		{C445B4F3-76DA-438B-9C86-38104501F6BB}.Ad-Hoc|x86.ActiveCfg = Release|Any CPU
		{C445B4F3-76DA-438B-9C86-38104501F6BB}.Ad-Hoc|x86.Build.0 = Release|Any CPU
		{C445B4F3-76DA-438B-9C86-38104501F6BB}.Ad-Hoc|x86.Deploy.0 = Release|Any CPU
		{C445B4F3-76DA-438B-9C86-38104501F6BB}.AppStore|Any CPU.ActiveCfg = Release|Any CPU
		{C445B4F3-76DA-438B-9C86-38104501F6BB}.AppStore|Any CPU.Build.0 = Release|Any CPU
		{C445B4F3-76DA-438B-9C86-38104501F6BB}.AppStore|Any CPU.Deploy.0 = Release|Any CPU
		{C445B4F3-76DA-438B-9C86-38104501F6BB}.AppStore|ARM.ActiveCfg = Release|Any CPU
		{C445B4F3-76DA-438B-9C86-38104501F6BB}.AppStore|ARM.Build.0 = Release|Any CPU
		{C445B4F3-76DA-438B-9C86-38104501F6BB}.AppStore|ARM.Deploy.0 = Release|Any CPU
		{C445B4F3-76DA-438B-9C86-38104501F6BB}.AppStore|iPhone.ActiveCfg = Release|Any CPU
		{C445B4F3-76DA-438B-9C86-38104501F6BB}.AppStore|iPhone.Build.0 = Release|Any CPU
		{C445B4F3-76DA-438B-9C86-38104501F6BB}.AppStore|iPhone.Deploy.0 = Release|Any CPU
		{C445B4F3-76DA-438B-9C86-38104501F6BB}.AppStore|iPhoneSimulator.ActiveCfg = Release|Any CPU
		{C445B4F3-76DA-438B-9C86-38104501F6BB}.AppStore|iPhoneSimulator.Build.0 = Release|Any CPU
		{C445B4F3-76DA-438B-9C86-38104501F6BB}.AppStore|iPhoneSimulator.Deploy.0 = Release|Any CPU
		{C445B4F3-76DA-438B-9C86-38104501F6BB}.AppStore|x64.ActiveCfg = Release|Any CPU
		{C445B4F3-76DA-438B-9C86-38104501F6BB}.AppStore|x64.Build.0 = Release|Any CPU
		{C445B4F3-76DA-438B-9C86-38104501F6BB}.AppStore|x64.Deploy.0 = Release|Any CPU
		{C445B4F3-76DA-438B-9C86-38104501F6BB}.AppStore|x86.ActiveCfg = Release|Any CPU
		{C445B4F3-76DA-438B-9C86-38104501F6BB}.AppStore|x86.Build.0 = Release|Any CPU
		{C445B4F3-76DA-438B-9C86-38104501F6BB}.AppStore|x86.Deploy.0 = Release|Any CPU
		{C445B4F3-76DA-438B-9C86-38104501F6BB}.Debug|Any CPU.ActiveCfg = Debug|Any CPU
		{C445B4F3-76DA-438B-9C86-38104501F6BB}.Debug|Any CPU.Build.0 = Debug|Any CPU
		{C445B4F3-76DA-438B-9C86-38104501F6BB}.Debug|Any CPU.Deploy.0 = Debug|Any CPU
		{C445B4F3-76DA-438B-9C86-38104501F6BB}.Debug|ARM.ActiveCfg = Debug|Any CPU
		{C445B4F3-76DA-438B-9C86-38104501F6BB}.Debug|ARM.Build.0 = Debug|Any CPU
		{C445B4F3-76DA-438B-9C86-38104501F6BB}.Debug|ARM.Deploy.0 = Debug|Any CPU
		{C445B4F3-76DA-438B-9C86-38104501F6BB}.Debug|iPhone.ActiveCfg = Debug|Any CPU
		{C445B4F3-76DA-438B-9C86-38104501F6BB}.Debug|iPhone.Build.0 = Debug|Any CPU
		{C445B4F3-76DA-438B-9C86-38104501F6BB}.Debug|iPhone.Deploy.0 = Debug|Any CPU
		{C445B4F3-76DA-438B-9C86-38104501F6BB}.Debug|iPhoneSimulator.ActiveCfg = Debug|Any CPU
		{C445B4F3-76DA-438B-9C86-38104501F6BB}.Debug|iPhoneSimulator.Build.0 = Debug|Any CPU
		{C445B4F3-76DA-438B-9C86-38104501F6BB}.Debug|iPhoneSimulator.Deploy.0 = Debug|Any CPU
		{C445B4F3-76DA-438B-9C86-38104501F6BB}.Debug|x64.ActiveCfg = Debug|Any CPU
		{C445B4F3-76DA-438B-9C86-38104501F6BB}.Debug|x64.Build.0 = Debug|Any CPU
		{C445B4F3-76DA-438B-9C86-38104501F6BB}.Debug|x64.Deploy.0 = Debug|Any CPU
		{C445B4F3-76DA-438B-9C86-38104501F6BB}.Debug|x86.ActiveCfg = Debug|Any CPU
		{C445B4F3-76DA-438B-9C86-38104501F6BB}.Debug|x86.Build.0 = Debug|Any CPU
		{C445B4F3-76DA-438B-9C86-38104501F6BB}.Debug|x86.Deploy.0 = Debug|Any CPU
		{C445B4F3-76DA-438B-9C86-38104501F6BB}.Release|Any CPU.ActiveCfg = Release|Any CPU
		{C445B4F3-76DA-438B-9C86-38104501F6BB}.Release|Any CPU.Build.0 = Release|Any CPU
		{C445B4F3-76DA-438B-9C86-38104501F6BB}.Release|Any CPU.Deploy.0 = Release|Any CPU
		{C445B4F3-76DA-438B-9C86-38104501F6BB}.Release|ARM.ActiveCfg = Release|Any CPU
		{C445B4F3-76DA-438B-9C86-38104501F6BB}.Release|ARM.Build.0 = Release|Any CPU
		{C445B4F3-76DA-438B-9C86-38104501F6BB}.Release|ARM.Deploy.0 = Release|Any CPU
		{C445B4F3-76DA-438B-9C86-38104501F6BB}.Release|iPhone.ActiveCfg = Release|Any CPU
		{C445B4F3-76DA-438B-9C86-38104501F6BB}.Release|iPhone.Build.0 = Release|Any CPU
		{C445B4F3-76DA-438B-9C86-38104501F6BB}.Release|iPhone.Deploy.0 = Release|Any CPU
		{C445B4F3-76DA-438B-9C86-38104501F6BB}.Release|iPhoneSimulator.ActiveCfg = Release|Any CPU
		{C445B4F3-76DA-438B-9C86-38104501F6BB}.Release|iPhoneSimulator.Build.0 = Release|Any CPU
		{C445B4F3-76DA-438B-9C86-38104501F6BB}.Release|iPhoneSimulator.Deploy.0 = Release|Any CPU
		{C445B4F3-76DA-438B-9C86-38104501F6BB}.Release|x64.ActiveCfg = Release|Any CPU
		{C445B4F3-76DA-438B-9C86-38104501F6BB}.Release|x64.Build.0 = Release|Any CPU
		{C445B4F3-76DA-438B-9C86-38104501F6BB}.Release|x64.Deploy.0 = Release|Any CPU
		{C445B4F3-76DA-438B-9C86-38104501F6BB}.Release|x86.ActiveCfg = Release|Any CPU
		{C445B4F3-76DA-438B-9C86-38104501F6BB}.Release|x86.Build.0 = Release|Any CPU
		{C445B4F3-76DA-438B-9C86-38104501F6BB}.Release|x86.Deploy.0 = Release|Any CPU
		{0B3FFA40-CCCD-4AE3-949E-C41AA82D9096}.Ad-Hoc|Any CPU.ActiveCfg = Release|Any CPU
		{0B3FFA40-CCCD-4AE3-949E-C41AA82D9096}.Ad-Hoc|Any CPU.Build.0 = Release|Any CPU
		{0B3FFA40-CCCD-4AE3-949E-C41AA82D9096}.Ad-Hoc|ARM.ActiveCfg = Release|Any CPU
		{0B3FFA40-CCCD-4AE3-949E-C41AA82D9096}.Ad-Hoc|ARM.Build.0 = Release|Any CPU
		{0B3FFA40-CCCD-4AE3-949E-C41AA82D9096}.Ad-Hoc|iPhone.ActiveCfg = Release|Any CPU
		{0B3FFA40-CCCD-4AE3-949E-C41AA82D9096}.Ad-Hoc|iPhone.Build.0 = Release|Any CPU
		{0B3FFA40-CCCD-4AE3-949E-C41AA82D9096}.Ad-Hoc|iPhoneSimulator.ActiveCfg = Release|Any CPU
		{0B3FFA40-CCCD-4AE3-949E-C41AA82D9096}.Ad-Hoc|iPhoneSimulator.Build.0 = Release|Any CPU
		{0B3FFA40-CCCD-4AE3-949E-C41AA82D9096}.Ad-Hoc|x64.ActiveCfg = Release|Any CPU
		{0B3FFA40-CCCD-4AE3-949E-C41AA82D9096}.Ad-Hoc|x64.Build.0 = Release|Any CPU
		{0B3FFA40-CCCD-4AE3-949E-C41AA82D9096}.Ad-Hoc|x86.ActiveCfg = Release|Any CPU
		{0B3FFA40-CCCD-4AE3-949E-C41AA82D9096}.Ad-Hoc|x86.Build.0 = Release|Any CPU
		{0B3FFA40-CCCD-4AE3-949E-C41AA82D9096}.AppStore|Any CPU.ActiveCfg = Release|Any CPU
		{0B3FFA40-CCCD-4AE3-949E-C41AA82D9096}.AppStore|Any CPU.Build.0 = Release|Any CPU
		{0B3FFA40-CCCD-4AE3-949E-C41AA82D9096}.AppStore|ARM.ActiveCfg = Release|Any CPU
		{0B3FFA40-CCCD-4AE3-949E-C41AA82D9096}.AppStore|ARM.Build.0 = Release|Any CPU
		{0B3FFA40-CCCD-4AE3-949E-C41AA82D9096}.AppStore|iPhone.ActiveCfg = Release|Any CPU
		{0B3FFA40-CCCD-4AE3-949E-C41AA82D9096}.AppStore|iPhone.Build.0 = Release|Any CPU
		{0B3FFA40-CCCD-4AE3-949E-C41AA82D9096}.AppStore|iPhoneSimulator.ActiveCfg = Release|Any CPU
		{0B3FFA40-CCCD-4AE3-949E-C41AA82D9096}.AppStore|iPhoneSimulator.Build.0 = Release|Any CPU
		{0B3FFA40-CCCD-4AE3-949E-C41AA82D9096}.AppStore|x64.ActiveCfg = Release|Any CPU
		{0B3FFA40-CCCD-4AE3-949E-C41AA82D9096}.AppStore|x64.Build.0 = Release|Any CPU
		{0B3FFA40-CCCD-4AE3-949E-C41AA82D9096}.AppStore|x86.ActiveCfg = Release|Any CPU
		{0B3FFA40-CCCD-4AE3-949E-C41AA82D9096}.AppStore|x86.Build.0 = Release|Any CPU
		{0B3FFA40-CCCD-4AE3-949E-C41AA82D9096}.Debug|Any CPU.ActiveCfg = Debug|Any CPU
		{0B3FFA40-CCCD-4AE3-949E-C41AA82D9096}.Debug|Any CPU.Build.0 = Debug|Any CPU
		{0B3FFA40-CCCD-4AE3-949E-C41AA82D9096}.Debug|ARM.ActiveCfg = Debug|Any CPU
		{0B3FFA40-CCCD-4AE3-949E-C41AA82D9096}.Debug|ARM.Build.0 = Debug|Any CPU
		{0B3FFA40-CCCD-4AE3-949E-C41AA82D9096}.Debug|iPhone.ActiveCfg = Debug|Any CPU
		{0B3FFA40-CCCD-4AE3-949E-C41AA82D9096}.Debug|iPhone.Build.0 = Debug|Any CPU
		{0B3FFA40-CCCD-4AE3-949E-C41AA82D9096}.Debug|iPhoneSimulator.ActiveCfg = Debug|Any CPU
		{0B3FFA40-CCCD-4AE3-949E-C41AA82D9096}.Debug|iPhoneSimulator.Build.0 = Debug|Any CPU
		{0B3FFA40-CCCD-4AE3-949E-C41AA82D9096}.Debug|x64.ActiveCfg = Debug|Any CPU
		{0B3FFA40-CCCD-4AE3-949E-C41AA82D9096}.Debug|x64.Build.0 = Debug|Any CPU
		{0B3FFA40-CCCD-4AE3-949E-C41AA82D9096}.Debug|x86.ActiveCfg = Debug|Any CPU
		{0B3FFA40-CCCD-4AE3-949E-C41AA82D9096}.Debug|x86.Build.0 = Debug|Any CPU
		{0B3FFA40-CCCD-4AE3-949E-C41AA82D9096}.Release|Any CPU.ActiveCfg = Release|Any CPU
		{0B3FFA40-CCCD-4AE3-949E-C41AA82D9096}.Release|Any CPU.Build.0 = Release|Any CPU
		{0B3FFA40-CCCD-4AE3-949E-C41AA82D9096}.Release|ARM.ActiveCfg = Release|Any CPU
		{0B3FFA40-CCCD-4AE3-949E-C41AA82D9096}.Release|ARM.Build.0 = Release|Any CPU
		{0B3FFA40-CCCD-4AE3-949E-C41AA82D9096}.Release|iPhone.ActiveCfg = Release|Any CPU
		{0B3FFA40-CCCD-4AE3-949E-C41AA82D9096}.Release|iPhone.Build.0 = Release|Any CPU
		{0B3FFA40-CCCD-4AE3-949E-C41AA82D9096}.Release|iPhoneSimulator.ActiveCfg = Release|Any CPU
		{0B3FFA40-CCCD-4AE3-949E-C41AA82D9096}.Release|iPhoneSimulator.Build.0 = Release|Any CPU
		{0B3FFA40-CCCD-4AE3-949E-C41AA82D9096}.Release|x64.ActiveCfg = Release|Any CPU
		{0B3FFA40-CCCD-4AE3-949E-C41AA82D9096}.Release|x64.Build.0 = Release|Any CPU
		{0B3FFA40-CCCD-4AE3-949E-C41AA82D9096}.Release|x86.ActiveCfg = Release|Any CPU
		{0B3FFA40-CCCD-4AE3-949E-C41AA82D9096}.Release|x86.Build.0 = Release|Any CPU
	EndGlobalSection
	GlobalSection(SolutionProperties) = preSolution
		HideSolutionNode = FALSE
	EndGlobalSection
	GlobalSection(ExtensibilityGlobals) = postSolution
		SolutionGuid = {DE8B8442-2FD7-484D-AE69-7136A55177B1}
	EndGlobalSection
EndGlobal
